// !$*UTF8*$!
{
	archiveVersion = 1;
	classes = {
	};
	objectVersion = 46;
	objects = {

/* Begin PBXBuildFile section */
		7212EA43147C50C700CB2A8D /* Cocoa.framework in Frameworks */ = {isa = PBXBuildFile; fileRef = 7212EA42147C50C700CB2A8D /* Cocoa.framework */; };
		7212EA4D147C50C700CB2A8D /* InfoPlist.strings in Resources */ = {isa = PBXBuildFile; fileRef = 7212EA4B147C50C700CB2A8D /* InfoPlist.strings */; };
		7212EA4F147C50C700CB2A8D /* main.m in Sources */ = {isa = PBXBuildFile; fileRef = 7212EA4E147C50C700CB2A8D /* main.m */; };
		7212EA53147C50C700CB2A8D /* Credits.rtf in Resources */ = {isa = PBXBuildFile; fileRef = 7212EA51147C50C700CB2A8D /* Credits.rtf */; };
		7212EA56147C50C700CB2A8D /* AppDelegate.m in Sources */ = {isa = PBXBuildFile; fileRef = 7212EA55147C50C700CB2A8D /* AppDelegate.m */; };
		7212EA59147C50C700CB2A8D /* MainMenu.xib in Resources */ = {isa = PBXBuildFile; fileRef = 7212EA57147C50C700CB2A8D /* MainMenu.xib */; };
		7212EA97147C514500CB2A8D /* libatk-1.0.0.dylib in Frameworks */ = {isa = PBXBuildFile; fileRef = 7212EA68147C514500CB2A8D /* libatk-1.0.0.dylib */; };
		7212EA98147C514500CB2A8D /* libatkmm-1.6.1.dylib in Frameworks */ = {isa = PBXBuildFile; fileRef = 7212EA69147C514500CB2A8D /* libatkmm-1.6.1.dylib */; };
		7212EA9A147C514500CB2A8D /* libvnl_algo.dylib in Frameworks */ = {isa = PBXBuildFile; fileRef = 7212EA6B147C514500CB2A8D /* libvnl_algo.dylib */; };
		7212EA9B147C514500CB2A8D /* libvnl_io.dylib in Frameworks */ = {isa = PBXBuildFile; fileRef = 7212EA6C147C514500CB2A8D /* libvnl_io.dylib */; };
		7212EA9C147C514500CB2A8D /* libvnl_xio.dylib in Frameworks */ = {isa = PBXBuildFile; fileRef = 7212EA6D147C514500CB2A8D /* libvnl_xio.dylib */; };
		7212EA9D147C514500CB2A8D /* libvnl.dylib in Frameworks */ = {isa = PBXBuildFile; fileRef = 7212EA6E147C514500CB2A8D /* libvnl.dylib */; };
		7212EA9E147C514500CB2A8D /* libopencv_calib3d.2.3.1.dylib in Frameworks */ = {isa = PBXBuildFile; fileRef = 7212EA6F147C514500CB2A8D /* libopencv_calib3d.2.3.1.dylib */; };
		7212EA9F147C514500CB2A8D /* libopencv_contrib.2.3.1.dylib in Frameworks */ = {isa = PBXBuildFile; fileRef = 7212EA70147C514500CB2A8D /* libopencv_contrib.2.3.1.dylib */; };
		7212EAA0147C514500CB2A8D /* libopencv_core.2.3.1.dylib in Frameworks */ = {isa = PBXBuildFile; fileRef = 7212EA71147C514500CB2A8D /* libopencv_core.2.3.1.dylib */; };
		7212EAA1147C514500CB2A8D /* libopencv_features2d.2.3.1.dylib in Frameworks */ = {isa = PBXBuildFile; fileRef = 7212EA72147C514500CB2A8D /* libopencv_features2d.2.3.1.dylib */; };
		7212EAA2147C514500CB2A8D /* libopencv_flann.2.3.1.dylib in Frameworks */ = {isa = PBXBuildFile; fileRef = 7212EA73147C514500CB2A8D /* libopencv_flann.2.3.1.dylib */; };
		7212EAA3147C514500CB2A8D /* libopencv_gpu.2.3.1.dylib in Frameworks */ = {isa = PBXBuildFile; fileRef = 7212EA74147C514500CB2A8D /* libopencv_gpu.2.3.1.dylib */; };
		7212EAA4147C514500CB2A8D /* libopencv_highgui.2.3.1.dylib in Frameworks */ = {isa = PBXBuildFile; fileRef = 7212EA75147C514500CB2A8D /* libopencv_highgui.2.3.1.dylib */; };
		7212EAA5147C514500CB2A8D /* libopencv_imgproc.2.3.1.dylib in Frameworks */ = {isa = PBXBuildFile; fileRef = 7212EA76147C514500CB2A8D /* libopencv_imgproc.2.3.1.dylib */; };
		7212EAA6147C514500CB2A8D /* libopencv_legacy.2.3.1.dylib in Frameworks */ = {isa = PBXBuildFile; fileRef = 7212EA77147C514500CB2A8D /* libopencv_legacy.2.3.1.dylib */; };
		7212EAA7147C514500CB2A8D /* libopencv_ml.2.3.1.dylib in Frameworks */ = {isa = PBXBuildFile; fileRef = 7212EA78147C514500CB2A8D /* libopencv_ml.2.3.1.dylib */; };
		7212EAA8147C514500CB2A8D /* libopencv_objdetect.2.3.1.dylib in Frameworks */ = {isa = PBXBuildFile; fileRef = 7212EA79147C514500CB2A8D /* libopencv_objdetect.2.3.1.dylib */; };
		7212EAA9147C514500CB2A8D /* libopencv_ts.2.3.1.dylib in Frameworks */ = {isa = PBXBuildFile; fileRef = 7212EA7A147C514500CB2A8D /* libopencv_ts.2.3.1.dylib */; };
		7212EAAA147C514500CB2A8D /* libopencv_video.2.3.1.dylib in Frameworks */ = {isa = PBXBuildFile; fileRef = 7212EA7B147C514500CB2A8D /* libopencv_video.2.3.1.dylib */; };
		7212EAAB147C514500CB2A8D /* libcairo-gobject.2.dylib in Frameworks */ = {isa = PBXBuildFile; fileRef = 7212EA7C147C514500CB2A8D /* libcairo-gobject.2.dylib */; };
		7212EAAC147C514500CB2A8D /* libcairo-script-interpreter.2.dylib in Frameworks */ = {isa = PBXBuildFile; fileRef = 7212EA7D147C514500CB2A8D /* libcairo-script-interpreter.2.dylib */; };
		7212EAAD147C514500CB2A8D /* libcairo-trace.0.dylib in Frameworks */ = {isa = PBXBuildFile; fileRef = 7212EA7E147C514500CB2A8D /* libcairo-trace.0.dylib */; };
		7212EAAE147C514500CB2A8D /* libcairo.2.dylib in Frameworks */ = {isa = PBXBuildFile; fileRef = 7212EA7F147C514500CB2A8D /* libcairo.2.dylib */; };
		7212EAAF147C514500CB2A8D /* libcairomm-1.0.1.dylib in Frameworks */ = {isa = PBXBuildFile; fileRef = 7212EA80147C514500CB2A8D /* libcairomm-1.0.1.dylib */; };
		7212EAB0147C514500CB2A8D /* libgdbm.4.dylib in Frameworks */ = {isa = PBXBuildFile; fileRef = 7212EA81147C514500CB2A8D /* libgdbm.4.dylib */; };
		7212EAB1147C514500CB2A8D /* libgdk_pixbuf_xlib-2.0.0.dylib in Frameworks */ = {isa = PBXBuildFile; fileRef = 7212EA82147C514500CB2A8D /* libgdk_pixbuf_xlib-2.0.0.dylib */; };
		7212EAB2147C514500CB2A8D /* libgdk_pixbuf-2.0.0.dylib in Frameworks */ = {isa = PBXBuildFile; fileRef = 7212EA83147C514500CB2A8D /* libgdk_pixbuf-2.0.0.dylib */; };
		7212EAB3147C514500CB2A8D /* libgdk-x11-2.0.0.dylib in Frameworks */ = {isa = PBXBuildFile; fileRef = 7212EA84147C514500CB2A8D /* libgdk-x11-2.0.0.dylib */; };
		7212EAB4147C514500CB2A8D /* libgdkmm-2.4.1.dylib in Frameworks */ = {isa = PBXBuildFile; fileRef = 7212EA85147C514500CB2A8D /* libgdkmm-2.4.1.dylib */; };
		7212EAB5147C514500CB2A8D /* libgio-2.0.0.dylib in Frameworks */ = {isa = PBXBuildFile; fileRef = 7212EA86147C514500CB2A8D /* libgio-2.0.0.dylib */; };
		7212EAB6147C514500CB2A8D /* libgiomm-2.4.1.dylib in Frameworks */ = {isa = PBXBuildFile; fileRef = 7212EA87147C514500CB2A8D /* libgiomm-2.4.1.dylib */; };
		7212EAB7147C514500CB2A8D /* libglib-2.0.0.dylib in Frameworks */ = {isa = PBXBuildFile; fileRef = 7212EA88147C514500CB2A8D /* libglib-2.0.0.dylib */; };
		7212EAB8147C514500CB2A8D /* libglibmm_generate_extra_defs-2.4.1.dylib in Frameworks */ = {isa = PBXBuildFile; fileRef = 7212EA89147C514500CB2A8D /* libglibmm_generate_extra_defs-2.4.1.dylib */; };
		7212EAB9147C514500CB2A8D /* libglibmm-2.4.1.dylib in Frameworks */ = {isa = PBXBuildFile; fileRef = 7212EA8A147C514500CB2A8D /* libglibmm-2.4.1.dylib */; };
		7212EABA147C514500CB2A8D /* libgtk-x11-2.0.0.dylib in Frameworks */ = {isa = PBXBuildFile; fileRef = 7212EA8B147C514500CB2A8D /* libgtk-x11-2.0.0.dylib */; };
		7212EABB147C514500CB2A8D /* libgtkmm-2.4.1.dylib in Frameworks */ = {isa = PBXBuildFile; fileRef = 7212EA8C147C514500CB2A8D /* libgtkmm-2.4.1.dylib */; };
		7212EABC147C514500CB2A8D /* libgthread-2.0.0.dylib in Frameworks */ = {isa = PBXBuildFile; fileRef = 7212EA8D147C514500CB2A8D /* libgthread-2.0.0.dylib */; };
		7212EABD147C514500CB2A8D /* libgtk-x11-2.0.0.dylib in Frameworks */ = {isa = PBXBuildFile; fileRef = 7212EA8E147C514500CB2A8D /* libgtk-x11-2.0.0.dylib */; };
		7212EABE147C514500CB2A8D /* libgtkmm-2.4.1.dylib in Frameworks */ = {isa = PBXBuildFile; fileRef = 7212EA8F147C514500CB2A8D /* libgtkmm-2.4.1.dylib */; };
		7212EABF147C514500CB2A8D /* libpango-1.0.0.dylib in Frameworks */ = {isa = PBXBuildFile; fileRef = 7212EA90147C514500CB2A8D /* libpango-1.0.0.dylib */; };
		7212EAC0147C514500CB2A8D /* libpangocairo-1.0.0.dylib in Frameworks */ = {isa = PBXBuildFile; fileRef = 7212EA91147C514500CB2A8D /* libpangocairo-1.0.0.dylib */; };
		7212EAC1147C514500CB2A8D /* libpangoft2-1.0.0.dylib in Frameworks */ = {isa = PBXBuildFile; fileRef = 7212EA92147C514500CB2A8D /* libpangoft2-1.0.0.dylib */; };
		7212EAC2147C514500CB2A8D /* libpangomm-1.4.1.dylib in Frameworks */ = {isa = PBXBuildFile; fileRef = 7212EA93147C514500CB2A8D /* libpangomm-1.4.1.dylib */; };
		7212EAC3147C514500CB2A8D /* libpangox-1.0.0.dylib in Frameworks */ = {isa = PBXBuildFile; fileRef = 7212EA94147C514500CB2A8D /* libpangox-1.0.0.dylib */; };
		7212EAC4147C514500CB2A8D /* libpangoxft-1.0.0.dylib in Frameworks */ = {isa = PBXBuildFile; fileRef = 7212EA95147C514500CB2A8D /* libpangoxft-1.0.0.dylib */; };
		7212EAC5147C514500CB2A8D /* libgdkmm-2.4.1.dylib in Frameworks */ = {isa = PBXBuildFile; fileRef = 7212EA96147C514500CB2A8D /* libgdkmm-2.4.1.dylib */; };
		7212EBB9147C5BD100CB2A8D /* BlinkDetector.mm in Sources */ = {isa = PBXBuildFile; fileRef = 7212EBA3147C5BD100CB2A8D /* BlinkDetector.mm */; };
		7212EBBA147C5BD100CB2A8D /* Calibrator.mm in Sources */ = {isa = PBXBuildFile; fileRef = 7212EBA4147C5BD100CB2A8D /* Calibrator.mm */; };
		7212EBBB147C5BD100CB2A8D /* Containers.mm in Sources */ = {isa = PBXBuildFile; fileRef = 7212EBA5147C5BD100CB2A8D /* Containers.mm */; };
		7212EBBC147C5BD100CB2A8D /* EyeExtractor.mm in Sources */ = {isa = PBXBuildFile; fileRef = 7212EBA6147C5BD100CB2A8D /* EyeExtractor.mm */; };
		7212EBBD147C5BD100CB2A8D /* FaceDetector.mm in Sources */ = {isa = PBXBuildFile; fileRef = 7212EBA7147C5BD100CB2A8D /* FaceDetector.mm */; };
		7212EBBE147C5BD100CB2A8D /* FeatureDetector.mm in Sources */ = {isa = PBXBuildFile; fileRef = 7212EBA8147C5BD100CB2A8D /* FeatureDetector.mm */; };
		7212EBBF147C5BD100CB2A8D /* FMatrixAffineCompute.mm in Sources */ = {isa = PBXBuildFile; fileRef = 7212EBA9147C5BD100CB2A8D /* FMatrixAffineCompute.mm */; };
		7212EBC0147C5BD100CB2A8D /* GaussianProcess.mm in Sources */ = {isa = PBXBuildFile; fileRef = 7212EBAA147C5BD100CB2A8D /* GaussianProcess.mm */; };
		7212EBC2147C5BD100CB2A8D /* GazeTracker.mm in Sources */ = {isa = PBXBuildFile; fileRef = 7212EBAC147C5BD100CB2A8D /* GazeTracker.mm */; };
		7212EBC3147C5BD100CB2A8D /* GraphicalPointer.mm in Sources */ = {isa = PBXBuildFile; fileRef = 7212EBAD147C5BD100CB2A8D /* GraphicalPointer.mm */; };
		7212EBC4147C5BD100CB2A8D /* HeadCompensation.mm in Sources */ = {isa = PBXBuildFile; fileRef = 7212EBAE147C5BD100CB2A8D /* HeadCompensation.mm */; };
		7212EBC5147C5BD100CB2A8D /* HeadTracker.mm in Sources */ = {isa = PBXBuildFile; fileRef = 7212EBAF147C5BD100CB2A8D /* HeadTracker.mm */; };
		7212EBC6147C5BD100CB2A8D /* LeastSquares.mm in Sources */ = {isa = PBXBuildFile; fileRef = 7212EBB0147C5BD100CB2A8D /* LeastSquares.mm */; };
		7212EBC7147C5BD100CB2A8D /* MainGazeTracker.mm in Sources */ = {isa = PBXBuildFile; fileRef = 7212EBB1147C5BD100CB2A8D /* MainGazeTracker.mm */; };
		7212EBC8147C5BD100CB2A8D /* opengazerHighGui.mm in Sources */ = {isa = PBXBuildFile; fileRef = 7212EBB2147C5BD100CB2A8D /* opengazerHighGui.mm */; };
		7212EBC9147C5BD100CB2A8D /* OutputMethods.mm in Sources */ = {isa = PBXBuildFile; fileRef = 7212EBB3147C5BD100CB2A8D /* OutputMethods.mm */; };
		7212EBCB147C5BD100CB2A8D /* PointTracker.mm in Sources */ = {isa = PBXBuildFile; fileRef = 7212EBB5147C5BD100CB2A8D /* PointTracker.mm */; };
		7212EBCC147C5BD100CB2A8D /* TrackingSystem.mm in Sources */ = {isa = PBXBuildFile; fileRef = 7212EBB6147C5BD100CB2A8D /* TrackingSystem.mm */; };
		7212EBCD147C5BD100CB2A8D /* utils.mm in Sources */ = {isa = PBXBuildFile; fileRef = 7212EBB7147C5BD100CB2A8D /* utils.mm */; };
		7212EBCE147C5BD100CB2A8D /* WindowStore.mm in Sources */ = {isa = PBXBuildFile; fileRef = 7212EBB8147C5BD100CB2A8D /* WindowStore.mm */; };
		723712481480343300CF491E /* ogPoint.mm in Sources */ = {isa = PBXBuildFile; fileRef = 723712461480342D00CF491E /* ogPoint.mm */; };
/* End PBXBuildFile section */

/* Begin PBXFileReference section */
		7212EA3E147C50C700CB2A8D /* og3.app */ = {isa = PBXFileReference; explicitFileType = wrapper.application; includeInIndex = 0; path = og3.app; sourceTree = BUILT_PRODUCTS_DIR; };
		7212EA42147C50C700CB2A8D /* Cocoa.framework */ = {isa = PBXFileReference; lastKnownFileType = wrapper.framework; name = Cocoa.framework; path = System/Library/Frameworks/Cocoa.framework; sourceTree = SDKROOT; };
		7212EA45147C50C700CB2A8D /* AppKit.framework */ = {isa = PBXFileReference; lastKnownFileType = wrapper.framework; name = AppKit.framework; path = System/Library/Frameworks/AppKit.framework; sourceTree = SDKROOT; };
		7212EA46147C50C700CB2A8D /* CoreData.framework */ = {isa = PBXFileReference; lastKnownFileType = wrapper.framework; name = CoreData.framework; path = System/Library/Frameworks/CoreData.framework; sourceTree = SDKROOT; };
		7212EA47147C50C700CB2A8D /* Foundation.framework */ = {isa = PBXFileReference; lastKnownFileType = wrapper.framework; name = Foundation.framework; path = System/Library/Frameworks/Foundation.framework; sourceTree = SDKROOT; };
		7212EA4A147C50C700CB2A8D /* og3-Info.plist */ = {isa = PBXFileReference; lastKnownFileType = text.plist.xml; path = "og3-Info.plist"; sourceTree = "<group>"; };
		7212EA4C147C50C700CB2A8D /* en */ = {isa = PBXFileReference; lastKnownFileType = text.plist.strings; name = en; path = en.lproj/InfoPlist.strings; sourceTree = "<group>"; };
		7212EA4E147C50C700CB2A8D /* main.m */ = {isa = PBXFileReference; lastKnownFileType = sourcecode.c.objc; path = main.m; sourceTree = "<group>"; };
		7212EA50147C50C700CB2A8D /* og3-Prefix.pch */ = {isa = PBXFileReference; lastKnownFileType = sourcecode.c.h; path = "og3-Prefix.pch"; sourceTree = "<group>"; };
		7212EA52147C50C700CB2A8D /* en */ = {isa = PBXFileReference; lastKnownFileType = text.rtf; name = en; path = en.lproj/Credits.rtf; sourceTree = "<group>"; };
		7212EA54147C50C700CB2A8D /* AppDelegate.h */ = {isa = PBXFileReference; lastKnownFileType = sourcecode.c.h; path = AppDelegate.h; sourceTree = "<group>"; };
		7212EA55147C50C700CB2A8D /* AppDelegate.m */ = {isa = PBXFileReference; lastKnownFileType = sourcecode.c.objc; path = AppDelegate.m; sourceTree = "<group>"; };
		7212EA58147C50C700CB2A8D /* en */ = {isa = PBXFileReference; lastKnownFileType = file.xib; name = en; path = en.lproj/MainMenu.xib; sourceTree = "<group>"; };
		7212EA68147C514500CB2A8D /* libatk-1.0.0.dylib */ = {isa = PBXFileReference; lastKnownFileType = "compiled.mach-o.dylib"; path = "libatk-1.0.0.dylib"; sourceTree = "<group>"; };
		7212EA69147C514500CB2A8D /* libatkmm-1.6.1.dylib */ = {isa = PBXFileReference; lastKnownFileType = "compiled.mach-o.dylib"; path = "libatkmm-1.6.1.dylib"; sourceTree = "<group>"; };
		7212EA6B147C514500CB2A8D /* libvnl_algo.dylib */ = {isa = PBXFileReference; lastKnownFileType = "compiled.mach-o.dylib"; path = libvnl_algo.dylib; sourceTree = "<group>"; };
		7212EA6C147C514500CB2A8D /* libvnl_io.dylib */ = {isa = PBXFileReference; lastKnownFileType = "compiled.mach-o.dylib"; path = libvnl_io.dylib; sourceTree = "<group>"; };
		7212EA6D147C514500CB2A8D /* libvnl_xio.dylib */ = {isa = PBXFileReference; lastKnownFileType = "compiled.mach-o.dylib"; path = libvnl_xio.dylib; sourceTree = "<group>"; };
		7212EA6E147C514500CB2A8D /* libvnl.dylib */ = {isa = PBXFileReference; lastKnownFileType = "compiled.mach-o.dylib"; path = libvnl.dylib; sourceTree = "<group>"; };
		7212EA6F147C514500CB2A8D /* libopencv_calib3d.2.3.1.dylib */ = {isa = PBXFileReference; lastKnownFileType = "compiled.mach-o.dylib"; path = libopencv_calib3d.2.3.1.dylib; sourceTree = "<group>"; };
		7212EA70147C514500CB2A8D /* libopencv_contrib.2.3.1.dylib */ = {isa = PBXFileReference; lastKnownFileType = "compiled.mach-o.dylib"; path = libopencv_contrib.2.3.1.dylib; sourceTree = "<group>"; };
		7212EA71147C514500CB2A8D /* libopencv_core.2.3.1.dylib */ = {isa = PBXFileReference; lastKnownFileType = "compiled.mach-o.dylib"; path = libopencv_core.2.3.1.dylib; sourceTree = "<group>"; };
		7212EA72147C514500CB2A8D /* libopencv_features2d.2.3.1.dylib */ = {isa = PBXFileReference; lastKnownFileType = "compiled.mach-o.dylib"; path = libopencv_features2d.2.3.1.dylib; sourceTree = "<group>"; };
		7212EA73147C514500CB2A8D /* libopencv_flann.2.3.1.dylib */ = {isa = PBXFileReference; lastKnownFileType = "compiled.mach-o.dylib"; path = libopencv_flann.2.3.1.dylib; sourceTree = "<group>"; };
		7212EA74147C514500CB2A8D /* libopencv_gpu.2.3.1.dylib */ = {isa = PBXFileReference; lastKnownFileType = "compiled.mach-o.dylib"; path = libopencv_gpu.2.3.1.dylib; sourceTree = "<group>"; };
		7212EA75147C514500CB2A8D /* libopencv_highgui.2.3.1.dylib */ = {isa = PBXFileReference; lastKnownFileType = "compiled.mach-o.dylib"; path = libopencv_highgui.2.3.1.dylib; sourceTree = "<group>"; };
		7212EA76147C514500CB2A8D /* libopencv_imgproc.2.3.1.dylib */ = {isa = PBXFileReference; lastKnownFileType = "compiled.mach-o.dylib"; path = libopencv_imgproc.2.3.1.dylib; sourceTree = "<group>"; };
		7212EA77147C514500CB2A8D /* libopencv_legacy.2.3.1.dylib */ = {isa = PBXFileReference; lastKnownFileType = "compiled.mach-o.dylib"; path = libopencv_legacy.2.3.1.dylib; sourceTree = "<group>"; };
		7212EA78147C514500CB2A8D /* libopencv_ml.2.3.1.dylib */ = {isa = PBXFileReference; lastKnownFileType = "compiled.mach-o.dylib"; path = libopencv_ml.2.3.1.dylib; sourceTree = "<group>"; };
		7212EA79147C514500CB2A8D /* libopencv_objdetect.2.3.1.dylib */ = {isa = PBXFileReference; lastKnownFileType = "compiled.mach-o.dylib"; path = libopencv_objdetect.2.3.1.dylib; sourceTree = "<group>"; };
		7212EA7A147C514500CB2A8D /* libopencv_ts.2.3.1.dylib */ = {isa = PBXFileReference; lastKnownFileType = "compiled.mach-o.dylib"; path = libopencv_ts.2.3.1.dylib; sourceTree = "<group>"; };
		7212EA7B147C514500CB2A8D /* libopencv_video.2.3.1.dylib */ = {isa = PBXFileReference; lastKnownFileType = "compiled.mach-o.dylib"; path = libopencv_video.2.3.1.dylib; sourceTree = "<group>"; };
		7212EA7C147C514500CB2A8D /* libcairo-gobject.2.dylib */ = {isa = PBXFileReference; lastKnownFileType = "compiled.mach-o.dylib"; path = "libcairo-gobject.2.dylib"; sourceTree = "<group>"; };
		7212EA7D147C514500CB2A8D /* libcairo-script-interpreter.2.dylib */ = {isa = PBXFileReference; lastKnownFileType = "compiled.mach-o.dylib"; path = "libcairo-script-interpreter.2.dylib"; sourceTree = "<group>"; };
		7212EA7E147C514500CB2A8D /* libcairo-trace.0.dylib */ = {isa = PBXFileReference; lastKnownFileType = "compiled.mach-o.dylib"; path = "libcairo-trace.0.dylib"; sourceTree = "<group>"; };
		7212EA7F147C514500CB2A8D /* libcairo.2.dylib */ = {isa = PBXFileReference; lastKnownFileType = "compiled.mach-o.dylib"; path = libcairo.2.dylib; sourceTree = "<group>"; };
		7212EA80147C514500CB2A8D /* libcairomm-1.0.1.dylib */ = {isa = PBXFileReference; lastKnownFileType = "compiled.mach-o.dylib"; path = "libcairomm-1.0.1.dylib"; sourceTree = "<group>"; };
		7212EA81147C514500CB2A8D /* libgdbm.4.dylib */ = {isa = PBXFileReference; lastKnownFileType = "compiled.mach-o.dylib"; path = libgdbm.4.dylib; sourceTree = "<group>"; };
		7212EA82147C514500CB2A8D /* libgdk_pixbuf_xlib-2.0.0.dylib */ = {isa = PBXFileReference; lastKnownFileType = "compiled.mach-o.dylib"; path = "libgdk_pixbuf_xlib-2.0.0.dylib"; sourceTree = "<group>"; };
		7212EA83147C514500CB2A8D /* libgdk_pixbuf-2.0.0.dylib */ = {isa = PBXFileReference; lastKnownFileType = "compiled.mach-o.dylib"; path = "libgdk_pixbuf-2.0.0.dylib"; sourceTree = "<group>"; };
		7212EA84147C514500CB2A8D /* libgdk-x11-2.0.0.dylib */ = {isa = PBXFileReference; lastKnownFileType = "compiled.mach-o.dylib"; path = "libgdk-x11-2.0.0.dylib"; sourceTree = "<group>"; };
		7212EA85147C514500CB2A8D /* libgdkmm-2.4.1.dylib */ = {isa = PBXFileReference; lastKnownFileType = "compiled.mach-o.dylib"; path = "libgdkmm-2.4.1.dylib"; sourceTree = "<group>"; };
		7212EA86147C514500CB2A8D /* libgio-2.0.0.dylib */ = {isa = PBXFileReference; lastKnownFileType = "compiled.mach-o.dylib"; path = "libgio-2.0.0.dylib"; sourceTree = "<group>"; };
		7212EA87147C514500CB2A8D /* libgiomm-2.4.1.dylib */ = {isa = PBXFileReference; lastKnownFileType = "compiled.mach-o.dylib"; path = "libgiomm-2.4.1.dylib"; sourceTree = "<group>"; };
		7212EA88147C514500CB2A8D /* libglib-2.0.0.dylib */ = {isa = PBXFileReference; lastKnownFileType = "compiled.mach-o.dylib"; path = "libglib-2.0.0.dylib"; sourceTree = "<group>"; };
		7212EA89147C514500CB2A8D /* libglibmm_generate_extra_defs-2.4.1.dylib */ = {isa = PBXFileReference; lastKnownFileType = "compiled.mach-o.dylib"; path = "libglibmm_generate_extra_defs-2.4.1.dylib"; sourceTree = "<group>"; };
		7212EA8A147C514500CB2A8D /* libglibmm-2.4.1.dylib */ = {isa = PBXFileReference; lastKnownFileType = "compiled.mach-o.dylib"; path = "libglibmm-2.4.1.dylib"; sourceTree = "<group>"; };
		7212EA8B147C514500CB2A8D /* libgtk-x11-2.0.0.dylib */ = {isa = PBXFileReference; lastKnownFileType = "compiled.mach-o.dylib"; path = "libgtk-x11-2.0.0.dylib"; sourceTree = "<group>"; };
		7212EA8C147C514500CB2A8D /* libgtkmm-2.4.1.dylib */ = {isa = PBXFileReference; lastKnownFileType = "compiled.mach-o.dylib"; path = "libgtkmm-2.4.1.dylib"; sourceTree = "<group>"; };
		7212EA8D147C514500CB2A8D /* libgthread-2.0.0.dylib */ = {isa = PBXFileReference; lastKnownFileType = "compiled.mach-o.dylib"; path = "libgthread-2.0.0.dylib"; sourceTree = "<group>"; };
		7212EA8E147C514500CB2A8D /* libgtk-x11-2.0.0.dylib */ = {isa = PBXFileReference; lastKnownFileType = "compiled.mach-o.dylib"; path = "libgtk-x11-2.0.0.dylib"; sourceTree = "<group>"; };
		7212EA8F147C514500CB2A8D /* libgtkmm-2.4.1.dylib */ = {isa = PBXFileReference; lastKnownFileType = "compiled.mach-o.dylib"; path = "libgtkmm-2.4.1.dylib"; sourceTree = "<group>"; };
		7212EA90147C514500CB2A8D /* libpango-1.0.0.dylib */ = {isa = PBXFileReference; lastKnownFileType = "compiled.mach-o.dylib"; path = "libpango-1.0.0.dylib"; sourceTree = "<group>"; };
		7212EA91147C514500CB2A8D /* libpangocairo-1.0.0.dylib */ = {isa = PBXFileReference; lastKnownFileType = "compiled.mach-o.dylib"; path = "libpangocairo-1.0.0.dylib"; sourceTree = "<group>"; };
		7212EA92147C514500CB2A8D /* libpangoft2-1.0.0.dylib */ = {isa = PBXFileReference; lastKnownFileType = "compiled.mach-o.dylib"; path = "libpangoft2-1.0.0.dylib"; sourceTree = "<group>"; };
		7212EA93147C514500CB2A8D /* libpangomm-1.4.1.dylib */ = {isa = PBXFileReference; lastKnownFileType = "compiled.mach-o.dylib"; path = "libpangomm-1.4.1.dylib"; sourceTree = "<group>"; };
		7212EA94147C514500CB2A8D /* libpangox-1.0.0.dylib */ = {isa = PBXFileReference; lastKnownFileType = "compiled.mach-o.dylib"; path = "libpangox-1.0.0.dylib"; sourceTree = "<group>"; };
		7212EA95147C514500CB2A8D /* libpangoxft-1.0.0.dylib */ = {isa = PBXFileReference; lastKnownFileType = "compiled.mach-o.dylib"; path = "libpangoxft-1.0.0.dylib"; sourceTree = "<group>"; };
		7212EA96147C514500CB2A8D /* libgdkmm-2.4.1.dylib */ = {isa = PBXFileReference; lastKnownFileType = "compiled.mach-o.dylib"; path = "libgdkmm-2.4.1.dylib"; sourceTree = "<group>"; };
		7212EB90147C5BD100CB2A8D /* BlinkDetector.h */ = {isa = PBXFileReference; fileEncoding = 4; lastKnownFileType = sourcecode.c.h; path = BlinkDetector.h; sourceTree = "<group>"; };
		7212EB91147C5BD100CB2A8D /* Calibrator.h */ = {isa = PBXFileReference; fileEncoding = 4; lastKnownFileType = sourcecode.c.h; path = Calibrator.h; sourceTree = "<group>"; };
		7212EB92147C5BD100CB2A8D /* Containers.h */ = {isa = PBXFileReference; fileEncoding = 4; lastKnownFileType = sourcecode.c.h; path = Containers.h; sourceTree = "<group>"; };
		7212EB93147C5BD100CB2A8D /* EyeExtractor.h */ = {isa = PBXFileReference; fileEncoding = 4; lastKnownFileType = sourcecode.c.h; path = EyeExtractor.h; sourceTree = "<group>"; };
		7212EB94147C5BD100CB2A8D /* FaceDetector.h */ = {isa = PBXFileReference; fileEncoding = 4; lastKnownFileType = sourcecode.c.h; path = FaceDetector.h; sourceTree = "<group>"; };
		7212EB95147C5BD100CB2A8D /* FeatureDetector.h */ = {isa = PBXFileReference; fileEncoding = 4; lastKnownFileType = sourcecode.c.h; path = FeatureDetector.h; sourceTree = "<group>"; };
		7212EB96147C5BD100CB2A8D /* FMatrixAffineCompute.h */ = {isa = PBXFileReference; fileEncoding = 4; lastKnownFileType = sourcecode.c.h; path = FMatrixAffineCompute.h; sourceTree = "<group>"; };
		7212EB98147C5BD100CB2A8D /* GazeTracker.h */ = {isa = PBXFileReference; fileEncoding = 4; lastKnownFileType = sourcecode.c.h; path = GazeTracker.h; sourceTree = "<group>"; };
		7212EB99147C5BD100CB2A8D /* GraphicalPointer.h */ = {isa = PBXFileReference; fileEncoding = 4; lastKnownFileType = sourcecode.c.h; path = GraphicalPointer.h; sourceTree = "<group>"; };
		7212EB9A147C5BD100CB2A8D /* HeadTracker.h */ = {isa = PBXFileReference; fileEncoding = 4; lastKnownFileType = sourcecode.c.h; path = HeadTracker.h; sourceTree = "<group>"; };
		7212EB9B147C5BD100CB2A8D /* LeastSquares.h */ = {isa = PBXFileReference; fileEncoding = 4; lastKnownFileType = sourcecode.c.h; path = LeastSquares.h; sourceTree = "<group>"; };
		7212EB9C147C5BD100CB2A8D /* MainGazeTracker.h */ = {isa = PBXFileReference; fileEncoding = 4; lastKnownFileType = sourcecode.c.h; path = MainGazeTracker.h; sourceTree = "<group>"; };
		7212EB9D147C5BD100CB2A8D /* OutputMethods.h */ = {isa = PBXFileReference; fileEncoding = 4; lastKnownFileType = sourcecode.c.h; path = OutputMethods.h; sourceTree = "<group>"; };
		7212EB9F147C5BD100CB2A8D /* PointTracker.h */ = {isa = PBXFileReference; fileEncoding = 4; lastKnownFileType = sourcecode.c.h; path = PointTracker.h; sourceTree = "<group>"; };
		7212EBA0147C5BD100CB2A8D /* TrackingSystem.h */ = {isa = PBXFileReference; fileEncoding = 4; lastKnownFileType = sourcecode.c.h; path = TrackingSystem.h; sourceTree = "<group>"; };
		7212EBA1147C5BD100CB2A8D /* utils.h */ = {isa = PBXFileReference; fileEncoding = 4; lastKnownFileType = sourcecode.c.h; path = utils.h; sourceTree = "<group>"; };
		7212EBA2147C5BD100CB2A8D /* WindowStore.h */ = {isa = PBXFileReference; fileEncoding = 4; lastKnownFileType = sourcecode.c.h; path = WindowStore.h; sourceTree = "<group>"; };
		7212EBA3147C5BD100CB2A8D /* BlinkDetector.mm */ = {isa = PBXFileReference; fileEncoding = 4; lastKnownFileType = sourcecode.cpp.objcpp; path = BlinkDetector.mm; sourceTree = "<group>"; };
		7212EBA4147C5BD100CB2A8D /* Calibrator.mm */ = {isa = PBXFileReference; fileEncoding = 4; lastKnownFileType = sourcecode.cpp.objcpp; path = Calibrator.mm; sourceTree = "<group>"; };
		7212EBA5147C5BD100CB2A8D /* Containers.mm */ = {isa = PBXFileReference; fileEncoding = 4; lastKnownFileType = sourcecode.cpp.objcpp; path = Containers.mm; sourceTree = "<group>"; };
		7212EBA6147C5BD100CB2A8D /* EyeExtractor.mm */ = {isa = PBXFileReference; fileEncoding = 4; lastKnownFileType = sourcecode.cpp.objcpp; path = EyeExtractor.mm; sourceTree = "<group>"; };
		7212EBA7147C5BD100CB2A8D /* FaceDetector.mm */ = {isa = PBXFileReference; fileEncoding = 4; lastKnownFileType = sourcecode.cpp.objcpp; path = FaceDetector.mm; sourceTree = "<group>"; };
		7212EBA8147C5BD100CB2A8D /* FeatureDetector.mm */ = {isa = PBXFileReference; fileEncoding = 4; lastKnownFileType = sourcecode.cpp.objcpp; path = FeatureDetector.mm; sourceTree = "<group>"; };
		7212EBA9147C5BD100CB2A8D /* FMatrixAffineCompute.mm */ = {isa = PBXFileReference; fileEncoding = 4; lastKnownFileType = sourcecode.cpp.objcpp; path = FMatrixAffineCompute.mm; sourceTree = "<group>"; };
		7212EBAA147C5BD100CB2A8D /* GaussianProcess.mm */ = {isa = PBXFileReference; fileEncoding = 4; lastKnownFileType = sourcecode.cpp.objcpp; path = GaussianProcess.mm; sourceTree = "<group>"; };
		7212EBAC147C5BD100CB2A8D /* GazeTracker.mm */ = {isa = PBXFileReference; fileEncoding = 4; lastKnownFileType = sourcecode.cpp.objcpp; path = GazeTracker.mm; sourceTree = "<group>"; };
		7212EBAD147C5BD100CB2A8D /* GraphicalPointer.mm */ = {isa = PBXFileReference; fileEncoding = 4; lastKnownFileType = sourcecode.cpp.objcpp; path = GraphicalPointer.mm; sourceTree = "<group>"; };
		7212EBAE147C5BD100CB2A8D /* HeadCompensation.mm */ = {isa = PBXFileReference; fileEncoding = 4; lastKnownFileType = sourcecode.cpp.objcpp; path = HeadCompensation.mm; sourceTree = "<group>"; };
		7212EBAF147C5BD100CB2A8D /* HeadTracker.mm */ = {isa = PBXFileReference; fileEncoding = 4; lastKnownFileType = sourcecode.cpp.objcpp; path = HeadTracker.mm; sourceTree = "<group>"; };
		7212EBB0147C5BD100CB2A8D /* LeastSquares.mm */ = {isa = PBXFileReference; fileEncoding = 4; lastKnownFileType = sourcecode.cpp.objcpp; path = LeastSquares.mm; sourceTree = "<group>"; };
		7212EBB1147C5BD100CB2A8D /* MainGazeTracker.mm */ = {isa = PBXFileReference; fileEncoding = 4; lastKnownFileType = sourcecode.cpp.objcpp; path = MainGazeTracker.mm; sourceTree = "<group>"; };
		7212EBB2147C5BD100CB2A8D /* opengazerHighGui.mm */ = {isa = PBXFileReference; fileEncoding = 4; lastKnownFileType = sourcecode.cpp.objcpp; path = opengazerHighGui.mm; sourceTree = "<group>"; };
		7212EBB3147C5BD100CB2A8D /* OutputMethods.mm */ = {isa = PBXFileReference; fileEncoding = 4; lastKnownFileType = sourcecode.cpp.objcpp; path = OutputMethods.mm; sourceTree = "<group>"; };
		7212EBB5147C5BD100CB2A8D /* PointTracker.mm */ = {isa = PBXFileReference; fileEncoding = 4; lastKnownFileType = sourcecode.cpp.objcpp; path = PointTracker.mm; sourceTree = "<group>"; };
		7212EBB6147C5BD100CB2A8D /* TrackingSystem.mm */ = {isa = PBXFileReference; fileEncoding = 4; lastKnownFileType = sourcecode.cpp.objcpp; path = TrackingSystem.mm; sourceTree = "<group>"; };
		7212EBB7147C5BD100CB2A8D /* utils.mm */ = {isa = PBXFileReference; fileEncoding = 4; lastKnownFileType = sourcecode.cpp.objcpp; path = utils.mm; sourceTree = "<group>"; };
		7212EBB8147C5BD100CB2A8D /* WindowStore.mm */ = {isa = PBXFileReference; fileEncoding = 4; lastKnownFileType = sourcecode.cpp.objcpp; path = WindowStore.mm; sourceTree = "<group>"; };
		723712461480342D00CF491E /* ogPoint.mm */ = {isa = PBXFileReference; fileEncoding = 4; lastKnownFileType = sourcecode.cpp.objcpp; path = ogPoint.mm; sourceTree = "<group>"; };
		723712471480343100CF491E /* ogPoint.h */ = {isa = PBXFileReference; fileEncoding = 4; lastKnownFileType = sourcecode.c.h; path = ogPoint.h; sourceTree = "<group>"; };
/* End PBXFileReference section */

/* Begin PBXFrameworksBuildPhase section */
		7212EA3B147C50C700CB2A8D /* Frameworks */ = {
			isa = PBXFrameworksBuildPhase;
			buildActionMask = 2147483647;
			files = (
				7212EA43147C50C700CB2A8D /* Cocoa.framework in Frameworks */,
				7212EA97147C514500CB2A8D /* libatk-1.0.0.dylib in Frameworks */,
				7212EA98147C514500CB2A8D /* libatkmm-1.6.1.dylib in Frameworks */,
				7212EA9A147C514500CB2A8D /* libvnl_algo.dylib in Frameworks */,
				7212EA9B147C514500CB2A8D /* libvnl_io.dylib in Frameworks */,
				7212EA9C147C514500CB2A8D /* libvnl_xio.dylib in Frameworks */,
				7212EA9D147C514500CB2A8D /* libvnl.dylib in Frameworks */,
				7212EA9E147C514500CB2A8D /* libopencv_calib3d.2.3.1.dylib in Frameworks */,
				7212EA9F147C514500CB2A8D /* libopencv_contrib.2.3.1.dylib in Frameworks */,
				7212EAA0147C514500CB2A8D /* libopencv_core.2.3.1.dylib in Frameworks */,
				7212EAA1147C514500CB2A8D /* libopencv_features2d.2.3.1.dylib in Frameworks */,
				7212EAA2147C514500CB2A8D /* libopencv_flann.2.3.1.dylib in Frameworks */,
				7212EAA3147C514500CB2A8D /* libopencv_gpu.2.3.1.dylib in Frameworks */,
				7212EAA4147C514500CB2A8D /* libopencv_highgui.2.3.1.dylib in Frameworks */,
				7212EAA5147C514500CB2A8D /* libopencv_imgproc.2.3.1.dylib in Frameworks */,
				7212EAA6147C514500CB2A8D /* libopencv_legacy.2.3.1.dylib in Frameworks */,
				7212EAA7147C514500CB2A8D /* libopencv_ml.2.3.1.dylib in Frameworks */,
				7212EAA8147C514500CB2A8D /* libopencv_objdetect.2.3.1.dylib in Frameworks */,
				7212EAA9147C514500CB2A8D /* libopencv_ts.2.3.1.dylib in Frameworks */,
				7212EAAA147C514500CB2A8D /* libopencv_video.2.3.1.dylib in Frameworks */,
				7212EAAB147C514500CB2A8D /* libcairo-gobject.2.dylib in Frameworks */,
				7212EAAC147C514500CB2A8D /* libcairo-script-interpreter.2.dylib in Frameworks */,
				7212EAAD147C514500CB2A8D /* libcairo-trace.0.dylib in Frameworks */,
				7212EAAE147C514500CB2A8D /* libcairo.2.dylib in Frameworks */,
				7212EAAF147C514500CB2A8D /* libcairomm-1.0.1.dylib in Frameworks */,
				7212EAB0147C514500CB2A8D /* libgdbm.4.dylib in Frameworks */,
				7212EAB1147C514500CB2A8D /* libgdk_pixbuf_xlib-2.0.0.dylib in Frameworks */,
				7212EAB2147C514500CB2A8D /* libgdk_pixbuf-2.0.0.dylib in Frameworks */,
				7212EAB3147C514500CB2A8D /* libgdk-x11-2.0.0.dylib in Frameworks */,
				7212EAB4147C514500CB2A8D /* libgdkmm-2.4.1.dylib in Frameworks */,
				7212EAB5147C514500CB2A8D /* libgio-2.0.0.dylib in Frameworks */,
				7212EAB6147C514500CB2A8D /* libgiomm-2.4.1.dylib in Frameworks */,
				7212EAB7147C514500CB2A8D /* libglib-2.0.0.dylib in Frameworks */,
				7212EAB8147C514500CB2A8D /* libglibmm_generate_extra_defs-2.4.1.dylib in Frameworks */,
				7212EAB9147C514500CB2A8D /* libglibmm-2.4.1.dylib in Frameworks */,
				7212EABA147C514500CB2A8D /* libgtk-x11-2.0.0.dylib in Frameworks */,
				7212EABB147C514500CB2A8D /* libgtkmm-2.4.1.dylib in Frameworks */,
				7212EABC147C514500CB2A8D /* libgthread-2.0.0.dylib in Frameworks */,
				7212EABD147C514500CB2A8D /* libgtk-x11-2.0.0.dylib in Frameworks */,
				7212EABE147C514500CB2A8D /* libgtkmm-2.4.1.dylib in Frameworks */,
				7212EABF147C514500CB2A8D /* libpango-1.0.0.dylib in Frameworks */,
				7212EAC0147C514500CB2A8D /* libpangocairo-1.0.0.dylib in Frameworks */,
				7212EAC1147C514500CB2A8D /* libpangoft2-1.0.0.dylib in Frameworks */,
				7212EAC2147C514500CB2A8D /* libpangomm-1.4.1.dylib in Frameworks */,
				7212EAC3147C514500CB2A8D /* libpangox-1.0.0.dylib in Frameworks */,
				7212EAC4147C514500CB2A8D /* libpangoxft-1.0.0.dylib in Frameworks */,
				7212EAC5147C514500CB2A8D /* libgdkmm-2.4.1.dylib in Frameworks */,
			);
			runOnlyForDeploymentPostprocessing = 0;
		};
/* End PBXFrameworksBuildPhase section */

/* Begin PBXGroup section */
		7212EA33147C50C600CB2A8D = {
			isa = PBXGroup;
			children = (
				7212EAC6147C516500CB2A8D /* opengazer */,
				7212EA5F147C50DF00CB2A8D /* dylibs */,
				7212EA48147C50C700CB2A8D /* og3 */,
				7212EA41147C50C700CB2A8D /* Frameworks */,
				7212EA3F147C50C700CB2A8D /* Products */,
			);
			sourceTree = "<group>";
		};
		7212EA3F147C50C700CB2A8D /* Products */ = {
			isa = PBXGroup;
			children = (
				7212EA3E147C50C700CB2A8D /* og3.app */,
			);
			name = Products;
			sourceTree = "<group>";
		};
		7212EA41147C50C700CB2A8D /* Frameworks */ = {
			isa = PBXGroup;
			children = (
				7212EA42147C50C700CB2A8D /* Cocoa.framework */,
				7212EA44147C50C700CB2A8D /* Other Frameworks */,
			);
			name = Frameworks;
			sourceTree = "<group>";
		};
		7212EA44147C50C700CB2A8D /* Other Frameworks */ = {
			isa = PBXGroup;
			children = (
				7212EA45147C50C700CB2A8D /* AppKit.framework */,
				7212EA46147C50C700CB2A8D /* CoreData.framework */,
				7212EA47147C50C700CB2A8D /* Foundation.framework */,
			);
			name = "Other Frameworks";
			sourceTree = "<group>";
		};
		7212EA48147C50C700CB2A8D /* og3 */ = {
			isa = PBXGroup;
			children = (
				7212EA54147C50C700CB2A8D /* AppDelegate.h */,
				7212EA55147C50C700CB2A8D /* AppDelegate.m */,
				7212EA57147C50C700CB2A8D /* MainMenu.xib */,
				7212EA49147C50C700CB2A8D /* Supporting Files */,
			);
			path = og3;
			sourceTree = "<group>";
		};
		7212EA49147C50C700CB2A8D /* Supporting Files */ = {
			isa = PBXGroup;
			children = (
				7212EA4A147C50C700CB2A8D /* og3-Info.plist */,
				7212EA4B147C50C700CB2A8D /* InfoPlist.strings */,
				7212EA4E147C50C700CB2A8D /* main.m */,
				7212EA50147C50C700CB2A8D /* og3-Prefix.pch */,
				7212EA51147C50C700CB2A8D /* Credits.rtf */,
			);
			name = "Supporting Files";
			sourceTree = "<group>";
		};
		7212EA5F147C50DF00CB2A8D /* dylibs */ = {
			isa = PBXGroup;
			children = (
				7212EA68147C514500CB2A8D /* libatk-1.0.0.dylib */,
				7212EA69147C514500CB2A8D /* libatkmm-1.6.1.dylib */,
				7212EA6B147C514500CB2A8D /* libvnl_algo.dylib */,
				7212EA6C147C514500CB2A8D /* libvnl_io.dylib */,
				7212EA6D147C514500CB2A8D /* libvnl_xio.dylib */,
				7212EA6E147C514500CB2A8D /* libvnl.dylib */,
				7212EA6F147C514500CB2A8D /* libopencv_calib3d.2.3.1.dylib */,
				7212EA70147C514500CB2A8D /* libopencv_contrib.2.3.1.dylib */,
				7212EA71147C514500CB2A8D /* libopencv_core.2.3.1.dylib */,
				7212EA72147C514500CB2A8D /* libopencv_features2d.2.3.1.dylib */,
				7212EA73147C514500CB2A8D /* libopencv_flann.2.3.1.dylib */,
				7212EA74147C514500CB2A8D /* libopencv_gpu.2.3.1.dylib */,
				7212EA75147C514500CB2A8D /* libopencv_highgui.2.3.1.dylib */,
				7212EA76147C514500CB2A8D /* libopencv_imgproc.2.3.1.dylib */,
				7212EA77147C514500CB2A8D /* libopencv_legacy.2.3.1.dylib */,
				7212EA78147C514500CB2A8D /* libopencv_ml.2.3.1.dylib */,
				7212EA79147C514500CB2A8D /* libopencv_objdetect.2.3.1.dylib */,
				7212EA7A147C514500CB2A8D /* libopencv_ts.2.3.1.dylib */,
				7212EA7B147C514500CB2A8D /* libopencv_video.2.3.1.dylib */,
				7212EA7C147C514500CB2A8D /* libcairo-gobject.2.dylib */,
				7212EA7D147C514500CB2A8D /* libcairo-script-interpreter.2.dylib */,
				7212EA7E147C514500CB2A8D /* libcairo-trace.0.dylib */,
				7212EA7F147C514500CB2A8D /* libcairo.2.dylib */,
				7212EA80147C514500CB2A8D /* libcairomm-1.0.1.dylib */,
				7212EA81147C514500CB2A8D /* libgdbm.4.dylib */,
				7212EA82147C514500CB2A8D /* libgdk_pixbuf_xlib-2.0.0.dylib */,
				7212EA83147C514500CB2A8D /* libgdk_pixbuf-2.0.0.dylib */,
				7212EA84147C514500CB2A8D /* libgdk-x11-2.0.0.dylib */,
				7212EA85147C514500CB2A8D /* libgdkmm-2.4.1.dylib */,
				7212EA86147C514500CB2A8D /* libgio-2.0.0.dylib */,
				7212EA87147C514500CB2A8D /* libgiomm-2.4.1.dylib */,
				7212EA88147C514500CB2A8D /* libglib-2.0.0.dylib */,
				7212EA89147C514500CB2A8D /* libglibmm_generate_extra_defs-2.4.1.dylib */,
				7212EA8A147C514500CB2A8D /* libglibmm-2.4.1.dylib */,
				7212EA8B147C514500CB2A8D /* libgtk-x11-2.0.0.dylib */,
				7212EA8C147C514500CB2A8D /* libgtkmm-2.4.1.dylib */,
				7212EA8D147C514500CB2A8D /* libgthread-2.0.0.dylib */,
				7212EA8E147C514500CB2A8D /* libgtk-x11-2.0.0.dylib */,
				7212EA8F147C514500CB2A8D /* libgtkmm-2.4.1.dylib */,
				7212EA90147C514500CB2A8D /* libpango-1.0.0.dylib */,
				7212EA91147C514500CB2A8D /* libpangocairo-1.0.0.dylib */,
				7212EA92147C514500CB2A8D /* libpangoft2-1.0.0.dylib */,
				7212EA93147C514500CB2A8D /* libpangomm-1.4.1.dylib */,
				7212EA94147C514500CB2A8D /* libpangox-1.0.0.dylib */,
				7212EA95147C514500CB2A8D /* libpangoxft-1.0.0.dylib */,
				7212EA96147C514500CB2A8D /* libgdkmm-2.4.1.dylib */,
			);
			name = dylibs;
			sourceTree = "<group>";
		};
		7212EAC6147C516500CB2A8D /* opengazer */ = {
			isa = PBXGroup;
			children = (
				723712461480342D00CF491E /* ogPoint.mm */,
				723712471480343100CF491E /* ogPoint.h */,
				7212EB90147C5BD100CB2A8D /* BlinkDetector.h */,
				7212EB91147C5BD100CB2A8D /* Calibrator.h */,
				7212EB92147C5BD100CB2A8D /* Containers.h */,
				7212EB93147C5BD100CB2A8D /* EyeExtractor.h */,
				7212EB94147C5BD100CB2A8D /* FaceDetector.h */,
				7212EB95147C5BD100CB2A8D /* FeatureDetector.h */,
				7212EB96147C5BD100CB2A8D /* FMatrixAffineCompute.h */,
				7212EB98147C5BD100CB2A8D /* GazeTracker.h */,
				7212EB99147C5BD100CB2A8D /* GraphicalPointer.h */,
				7212EB9A147C5BD100CB2A8D /* HeadTracker.h */,
				7212EB9B147C5BD100CB2A8D /* LeastSquares.h */,
				7212EB9C147C5BD100CB2A8D /* MainGazeTracker.h */,
				7212EB9D147C5BD100CB2A8D /* OutputMethods.h */,
				7212EB9F147C5BD100CB2A8D /* PointTracker.h */,
				7212EBA0147C5BD100CB2A8D /* TrackingSystem.h */,
				7212EBA1147C5BD100CB2A8D /* utils.h */,
				7212EBA2147C5BD100CB2A8D /* WindowStore.h */,
				7212EBA3147C5BD100CB2A8D /* BlinkDetector.mm */,
				7212EBA4147C5BD100CB2A8D /* Calibrator.mm */,
				7212EBA5147C5BD100CB2A8D /* Containers.mm */,
				7212EBA6147C5BD100CB2A8D /* EyeExtractor.mm */,
				7212EBA7147C5BD100CB2A8D /* FaceDetector.mm */,
				7212EBA8147C5BD100CB2A8D /* FeatureDetector.mm */,
				7212EBA9147C5BD100CB2A8D /* FMatrixAffineCompute.mm */,
				7212EBAA147C5BD100CB2A8D /* GaussianProcess.mm */,
				7212EBAC147C5BD100CB2A8D /* GazeTracker.mm */,
				7212EBAD147C5BD100CB2A8D /* GraphicalPointer.mm */,
				7212EBAE147C5BD100CB2A8D /* HeadCompensation.mm */,
				7212EBAF147C5BD100CB2A8D /* HeadTracker.mm */,
				7212EBB0147C5BD100CB2A8D /* LeastSquares.mm */,
				7212EBB1147C5BD100CB2A8D /* MainGazeTracker.mm */,
				7212EBB2147C5BD100CB2A8D /* opengazerHighGui.mm */,
				7212EBB3147C5BD100CB2A8D /* OutputMethods.mm */,
				7212EBB5147C5BD100CB2A8D /* PointTracker.mm */,
				7212EBB6147C5BD100CB2A8D /* TrackingSystem.mm */,
				7212EBB7147C5BD100CB2A8D /* utils.mm */,
				7212EBB8147C5BD100CB2A8D /* WindowStore.mm */,
			);
			name = opengazer;
			sourceTree = "<group>";
		};
/* End PBXGroup section */

/* Begin PBXNativeTarget section */
		7212EA3D147C50C700CB2A8D /* og3 */ = {
			isa = PBXNativeTarget;
			buildConfigurationList = 7212EA5C147C50C700CB2A8D /* Build configuration list for PBXNativeTarget "og3" */;
			buildPhases = (
				7212EA3A147C50C700CB2A8D /* Sources */,
				7212EA3B147C50C700CB2A8D /* Frameworks */,
				7212EA3C147C50C700CB2A8D /* Resources */,
			);
			buildRules = (
			);
			dependencies = (
			);
			name = og3;
			productName = og3;
			productReference = 7212EA3E147C50C700CB2A8D /* og3.app */;
			productType = "com.apple.product-type.application";
		};
/* End PBXNativeTarget section */

/* Begin PBXProject section */
		7212EA35147C50C600CB2A8D /* Project object */ = {
			isa = PBXProject;
			attributes = {
				LastUpgradeCheck = 0420;
				ORGANIZATIONNAME = "Grow20 Corporation";
			};
			buildConfigurationList = 7212EA38147C50C600CB2A8D /* Build configuration list for PBXProject "og3" */;
			compatibilityVersion = "Xcode 3.2";
			developmentRegion = English;
			hasScannedForEncodings = 0;
			knownRegions = (
				en,
			);
			mainGroup = 7212EA33147C50C600CB2A8D;
			productRefGroup = 7212EA3F147C50C700CB2A8D /* Products */;
			projectDirPath = "";
			projectRoot = "";
			targets = (
				7212EA3D147C50C700CB2A8D /* og3 */,
			);
		};
/* End PBXProject section */

/* Begin PBXResourcesBuildPhase section */
		7212EA3C147C50C700CB2A8D /* Resources */ = {
			isa = PBXResourcesBuildPhase;
			buildActionMask = 2147483647;
			files = (
				7212EA4D147C50C700CB2A8D /* InfoPlist.strings in Resources */,
				7212EA53147C50C700CB2A8D /* Credits.rtf in Resources */,
				7212EA59147C50C700CB2A8D /* MainMenu.xib in Resources */,
			);
			runOnlyForDeploymentPostprocessing = 0;
		};
/* End PBXResourcesBuildPhase section */

/* Begin PBXSourcesBuildPhase section */
		7212EA3A147C50C700CB2A8D /* Sources */ = {
			isa = PBXSourcesBuildPhase;
			buildActionMask = 2147483647;
			files = (
				7212EA4F147C50C700CB2A8D /* main.m in Sources */,
				7212EA56147C50C700CB2A8D /* AppDelegate.m in Sources */,
				7212EBB9147C5BD100CB2A8D /* BlinkDetector.mm in Sources */,
				7212EBBA147C5BD100CB2A8D /* Calibrator.mm in Sources */,
				7212EBBB147C5BD100CB2A8D /* Containers.mm in Sources */,
				7212EBBC147C5BD100CB2A8D /* EyeExtractor.mm in Sources */,
				7212EBBD147C5BD100CB2A8D /* FaceDetector.mm in Sources */,
				7212EBBE147C5BD100CB2A8D /* FeatureDetector.mm in Sources */,
				7212EBBF147C5BD100CB2A8D /* FMatrixAffineCompute.mm in Sources */,
				7212EBC0147C5BD100CB2A8D /* GaussianProcess.mm in Sources */,
				7212EBC2147C5BD100CB2A8D /* GazeTracker.mm in Sources */,
				7212EBC3147C5BD100CB2A8D /* GraphicalPointer.mm in Sources */,
				7212EBC4147C5BD100CB2A8D /* HeadCompensation.mm in Sources */,
				7212EBC5147C5BD100CB2A8D /* HeadTracker.mm in Sources */,
				7212EBC6147C5BD100CB2A8D /* LeastSquares.mm in Sources */,
				7212EBC7147C5BD100CB2A8D /* MainGazeTracker.mm in Sources */,
				7212EBC8147C5BD100CB2A8D /* opengazerHighGui.mm in Sources */,
				7212EBC9147C5BD100CB2A8D /* OutputMethods.mm in Sources */,
				7212EBCB147C5BD100CB2A8D /* PointTracker.mm in Sources */,
				7212EBCC147C5BD100CB2A8D /* TrackingSystem.mm in Sources */,
				7212EBCD147C5BD100CB2A8D /* utils.mm in Sources */,
				7212EBCE147C5BD100CB2A8D /* WindowStore.mm in Sources */,
				723712481480343300CF491E /* ogPoint.mm in Sources */,
			);
			runOnlyForDeploymentPostprocessing = 0;
		};
/* End PBXSourcesBuildPhase section */

/* Begin PBXVariantGroup section */
		7212EA4B147C50C700CB2A8D /* InfoPlist.strings */ = {
			isa = PBXVariantGroup;
			children = (
				7212EA4C147C50C700CB2A8D /* en */,
			);
			name = InfoPlist.strings;
			sourceTree = "<group>";
		};
		7212EA51147C50C700CB2A8D /* Credits.rtf */ = {
			isa = PBXVariantGroup;
			children = (
				7212EA52147C50C700CB2A8D /* en */,
			);
			name = Credits.rtf;
			sourceTree = "<group>";
		};
		7212EA57147C50C700CB2A8D /* MainMenu.xib */ = {
			isa = PBXVariantGroup;
			children = (
				7212EA58147C50C700CB2A8D /* en */,
			);
			name = MainMenu.xib;
			sourceTree = "<group>";
		};
/* End PBXVariantGroup section */

/* Begin XCBuildConfiguration section */
		7212EA5A147C50C700CB2A8D /* Debug */ = {
			isa = XCBuildConfiguration;
			buildSettings = {
				ALWAYS_SEARCH_USER_PATHS = NO;
				ARCHS = "$(ARCHS_STANDARD_64_BIT)";
				CLANG_ENABLE_OBJC_ARC = YES;
				COPY_PHASE_STRIP = NO;
				GCC_C_LANGUAGE_STANDARD = gnu99;
				GCC_DYNAMIC_NO_PIC = NO;
				GCC_ENABLE_OBJC_EXCEPTIONS = YES;
				GCC_OPTIMIZATION_LEVEL = 0;
				GCC_PREPROCESSOR_DEFINITIONS = (
					"DEBUG=1",
					"$(inherited)",
				);
				GCC_SYMBOLS_PRIVATE_EXTERN = NO;
				GCC_VERSION = com.apple.compilers.llvm.clang.1_0;
				GCC_WARN_64_TO_32_BIT_CONVERSION = YES;
				GCC_WARN_ABOUT_MISSING_PROTOTYPES = YES;
				GCC_WARN_ABOUT_RETURN_TYPE = YES;
				GCC_WARN_UNUSED_VARIABLE = YES;
				MACOSX_DEPLOYMENT_TARGET = 10.7;
				ONLY_ACTIVE_ARCH = YES;
				SDKROOT = macosx;
			};
			name = Debug;
		};
		7212EA5B147C50C700CB2A8D /* Release */ = {
			isa = XCBuildConfiguration;
			buildSettings = {
				ALWAYS_SEARCH_USER_PATHS = NO;
				ARCHS = "$(ARCHS_STANDARD_64_BIT)";
				CLANG_ENABLE_OBJC_ARC = YES;
				COPY_PHASE_STRIP = YES;
				DEBUG_INFORMATION_FORMAT = "dwarf-with-dsym";
				GCC_C_LANGUAGE_STANDARD = gnu99;
				GCC_ENABLE_OBJC_EXCEPTIONS = YES;
				GCC_VERSION = com.apple.compilers.llvm.clang.1_0;
				GCC_WARN_64_TO_32_BIT_CONVERSION = YES;
				GCC_WARN_ABOUT_MISSING_PROTOTYPES = YES;
				GCC_WARN_ABOUT_RETURN_TYPE = YES;
				GCC_WARN_UNUSED_VARIABLE = YES;
				MACOSX_DEPLOYMENT_TARGET = 10.7;
				SDKROOT = macosx;
			};
			name = Release;
		};
		7212EA5D147C50C700CB2A8D /* Debug */ = {
			isa = XCBuildConfiguration;
			buildSettings = {
				FRAMEWORK_SEARCH_PATHS = (
					"$(inherited)",
					"\"$(SRCROOT)\"",
				);
				GCC_PRECOMPILE_PREFIX_HEADER = YES;
				GCC_PREFIX_HEADER = "og3/og3-Prefix.pch";
				GCC_VERSION = com.apple.compilers.llvmgcc42;
				"HEADER_SEARCH_PATHS[arch=*]" = (
					"/opt/local/include/atk-1.0/**",
					"/opt/local/include/giomm-2.4/**",
					"/opt/local/include/gdk-pixbuf-2.0/**",
					"/opt/local/lib/gtk-2.0/include/**",
					"/opt/local/include/gtk-2.0/**",
					"/opt/local/include/gdkmm-2.4/**",
					"/opt/local/include/freetype2/**",
					"/opt/local/include/atkmm-1.6/**",
					"/opt/local/include/cairo/**",
					"/opt/local/include/cairomm-1.0/**",
					"/opt/local/include/pango-1.0/**",
					"/opt/local/include/pangomm-1.4/**",
					"/opt/local/lib/pangomm-1.4/**",
					"/opt/local/lib/gdkmm-2.4/include/**",
					"/opt/local/lib/gtkmm-2.4/include/**",
					"/opt/local/lib/glib-2.0/include/**",
					"/opt/local/include/glib-2.0/**",
					"/opt/local/lib/glibmm-2.4/include/**",
					"/opt/local/include/glibmm-2.4/**",
					"/opt/local/include/gtkmm-2.4/**",
					/opt/local/include/vxl/vcl,
					/opt/local/include/boost,
					/opt/local/include/vxl/core/vnl,
					/opt/local/include/vxl/core,
					/opt/local/include/vxl,
					/opt/local/include,
				);
				INFOPLIST_FILE = "og3/og3-Info.plist";
				LIBRARY_SEARCH_PATHS = (
					"$(inherited)",
					"\"$(SRCROOT)\"",
				);
				MACOSX_DEPLOYMENT_TARGET = 10.5;
				OTHER_LDFLAGS = "-lstdc++";
				PRODUCT_NAME = "$(TARGET_NAME)";
				SDKROOT = macosx10.6;
				WRAPPER_EXTENSION = app;
			};
			name = Debug;
		};
		7212EA5E147C50C700CB2A8D /* Release */ = {
			isa = XCBuildConfiguration;
			buildSettings = {
				FRAMEWORK_SEARCH_PATHS = (
					"$(inherited)",
					"\"$(SRCROOT)\"",
				);
				GCC_PRECOMPILE_PREFIX_HEADER = YES;
				GCC_PREFIX_HEADER = "og3/og3-Prefix.pch";
				GCC_VERSION = com.apple.compilers.llvmgcc42;
				"HEADER_SEARCH_PATHS[arch=*]" = (
					"/opt/local/include/atk-1.0/**",
					"/opt/local/include/giomm-2.4/**",
					"/opt/local/include/gdk-pixbuf-2.0/**",
					"/opt/local/lib/gtk-2.0/include/**",
					"/opt/local/include/gtk-2.0/**",
					"/opt/local/include/gdkmm-2.4/**",
					"/opt/local/include/freetype2/**",
					"/opt/local/include/atkmm-1.6/**",
					"/opt/local/include/cairo/**",
					"/opt/local/include/cairomm-1.0/**",
					"/opt/local/include/pango-1.0/**",
					"/opt/local/include/pangomm-1.4/**",
					"/opt/local/lib/pangomm-1.4/**",
					"/opt/local/lib/gdkmm-2.4/include/**",
					"/opt/local/lib/gtkmm-2.4/include/**",
					"/opt/local/lib/sigc++-2.0/include/**",
					"/opt/local/include/sigc++-2.0/**",
					"/opt/local/lib/glib-2.0/include/**",
					"/opt/local/include/glib-2.0/**",
					"/opt/local/lib/glibmm-2.4/include/**",
					"/opt/local/include/glibmm-2.4/**",
					"/opt/local/include/gtkmm-2.4/**",
					/opt/local/include/vxl/vcl,
					/opt/local/include/boost,
					/opt/local/include/vxl/core/vnl,
					/opt/local/include/vxl/core,
					/opt/local/include/vxl,
					/opt/local/include,
				);
				INFOPLIST_FILE = "og3/og3-Info.plist";
				LIBRARY_SEARCH_PATHS = (
					"$(inherited)",
					"\"$(SRCROOT)\"",
				);
				MACOSX_DEPLOYMENT_TARGET = 10.5;
				OTHER_LDFLAGS = "-lstdc++";
				PRODUCT_NAME = "$(TARGET_NAME)";
				SDKROOT = macosx10.6;
				WRAPPER_EXTENSION = app;
			};
			name = Release;
		};
/* End XCBuildConfiguration section */

/* Begin XCConfigurationList section */
		7212EA38147C50C600CB2A8D /* Build configuration list for PBXProject "og3" */ = {
			isa = XCConfigurationList;
			buildConfigurations = (
				7212EA5A147C50C700CB2A8D /* Debug */,
				7212EA5B147C50C700CB2A8D /* Release */,
			);
			defaultConfigurationIsVisible = 0;
			defaultConfigurationName = Release;
		};
		7212EA5C147C50C700CB2A8D /* Build configuration list for PBXNativeTarget "og3" */ = {
			isa = XCConfigurationList;
			buildConfigurations = (
				7212EA5D147C50C700CB2A8D /* Debug */,
				7212EA5E147C50C700CB2A8D /* Release */,
			);
			defaultConfigurationIsVisible = 0;
			defaultConfigurationName = Release;
		};
/* End XCConfigurationList section */
	};
	rootObject = 7212EA35147C50C600CB2A8D /* Project object */;
}
